
Microsoft Visual Studio Solution File, Format Version 12.00
# Visual Studio Version 17
VisualStudioVersion = 17.3.32825.248
MinimumVisualStudioVersion = 10.0.40219.1
Project("{FAE04EC0-301F-11D3-BF4B-00C04F79EFBC}") = "finaaal", "finaaal\finaaal.csproj", "{00CA8137-6B00-4990-AAE9-F5CD4358516E}"
EndProject
Global
	GlobalSection(SolutionConfigurationPlatforms) = preSolution
		Debug|Any CPU = Debug|Any CPU
		Release|Any CPU = Release|Any CPU
	EndGlobalSection
	GlobalSection(ProjectConfigurationPlatforms) = postSolution
		{00CA8137-6B00-4990-AAE9-F5CD4358516E}.Debug|Any CPU.ActiveCfg = Debug|Any CPU
		{00CA8137-6B00-4990-AAE9-F5CD4358516E}.Debug|Any CPU.Build.0 = Debug|Any CPU
		{00CA8137-6B00-4990-AAE9-F5CD4358516E}.Release|Any CPU.ActiveCfg = Release|Any CPU
		{00CA8137-6B00-4990-AAE9-F5CD4358516E}.Release|Any CPU.Build.0 = Release|Any CPU
	EndGlobalSection
	GlobalSection(SolutionProperties) = preSolution
		HideSolutionNode = FALSE
	EndGlobalSection
	GlobalSection(ExtensibilityGlobals) = postSolution
		SolutionGuid = {F77B242D-72BF-4611-B2DD-C74CB4530292}
	EndGlobalSection
EndGlobal
